// !$*UTF8*$!
{
	archiveVersion = 1;
	classes = {
	};
	objectVersion = 46;
	objects = {

/* Begin PBXBuildFile section */
		5BA4CD5119CA8522002EA44B /* AppDelegate.swift in Sources */ = {isa = PBXBuildFile; fileRef = 5BA4CD5019CA8522002EA44B /* AppDelegate.swift */; };
		5BA4CD5319CA8522002EA44B /* ViewController.swift in Sources */ = {isa = PBXBuildFile; fileRef = 5BA4CD5219CA8522002EA44B /* ViewController.swift */; };
		5BA4CD5619CA8522002EA44B /* Main.storyboard in Resources */ = {isa = PBXBuildFile; fileRef = 5BA4CD5419CA8522002EA44B /* Main.storyboard */; };
		5BA4CD5819CA8522002EA44B /* Images.xcassets in Resources */ = {isa = PBXBuildFile; fileRef = 5BA4CD5719CA8522002EA44B /* Images.xcassets */; };
		5BA4CD5B19CA8522002EA44B /* LaunchScreen.xib in Resources */ = {isa = PBXBuildFile; fileRef = 5BA4CD5919CA8522002EA44B /* LaunchScreen.xib */; };
		5BA4CD6719CA8522002EA44B /* SlotMachineTests.swift in Sources */ = {isa = PBXBuildFile; fileRef = 5BA4CD6619CA8522002EA44B /* SlotMachineTests.swift */; };
/* End PBXBuildFile section */

/* Begin PBXContainerItemProxy section */
		5BA4CD6119CA8522002EA44B /* PBXContainerItemProxy */ = {
			isa = PBXContainerItemProxy;
			containerPortal = 5BA4CD4319CA8522002EA44B /* Project object */;
			proxyType = 1;
			remoteGlobalIDString = 5BA4CD4A19CA8522002EA44B;
			remoteInfo = SlotMachine;
		};
/* End PBXContainerItemProxy section */

/* Begin PBXFileReference section */
		5BA4CD4B19CA8522002EA44B /* SlotMachine.app */ = {isa = PBXFileReference; explicitFileType = wrapper.application; includeInIndex = 0; path = SlotMachine.app; sourceTree = BUILT_PRODUCTS_DIR; };
		5BA4CD4F19CA8522002EA44B /* Info.plist */ = {isa = PBXFileReference; lastKnownFileType = text.plist.xml; path = Info.plist; sourceTree = "<group>"; };
		5BA4CD5019CA8522002EA44B /* AppDelegate.swift */ = {isa = PBXFileReference; lastKnownFileType = sourcecode.swift; path = AppDelegate.swift; sourceTree = "<group>"; };
		5BA4CD5219CA8522002EA44B /* ViewController.swift */ = {isa = PBXFileReference; lastKnownFileType = sourcecode.swift; path = ViewController.swift; sourceTree = "<group>"; };
		5BA4CD5519CA8522002EA44B /* Base */ = {isa = PBXFileReference; lastKnownFileType = file.storyboard; name = Base; path = Base.lproj/Main.storyboard; sourceTree = "<group>"; };
		5BA4CD5719CA8522002EA44B /* Images.xcassets */ = {isa = PBXFileReference; lastKnownFileType = folder.assetcatalog; path = Images.xcassets; sourceTree = "<group>"; };
		5BA4CD5A19CA8522002EA44B /* Base */ = {isa = PBXFileReference; lastKnownFileType = file.xib; name = Base; path = Base.lproj/LaunchScreen.xib; sourceTree = "<group>"; };
		5BA4CD6019CA8522002EA44B /* SlotMachineTests.xctest */ = {isa = PBXFileReference; explicitFileType = wrapper.cfbundle; includeInIndex = 0; path = SlotMachineTests.xctest; sourceTree = BUILT_PRODUCTS_DIR; };
		5BA4CD6519CA8522002EA44B /* Info.plist */ = {isa = PBXFileReference; lastKnownFileType = text.plist.xml; path = Info.plist; sourceTree = "<group>"; };
		5BA4CD6619CA8522002EA44B /* SlotMachineTests.swift */ = {isa = PBXFileReference; lastKnownFileType = sourcecode.swift; path = SlotMachineTests.swift; sourceTree = "<group>"; };
/* End PBXFileReference section */

/* Begin PBXFrameworksBuildPhase section */
		5BA4CD4819CA8522002EA44B /* Frameworks */ = {
			isa = PBXFrameworksBuildPhase;
			buildActionMask = 2147483647;
			files = (
			);
			runOnlyForDeploymentPostprocessing = 0;
		};
		5BA4CD5D19CA8522002EA44B /* Frameworks */ = {
			isa = PBXFrameworksBuildPhase;
			buildActionMask = 2147483647;
			files = (
			);
			runOnlyForDeploymentPostprocessing = 0;
		};
/* End PBXFrameworksBuildPhase section */

/* Begin PBXGroup section */
		5BA4CD4219CA8522002EA44B = {
			isa = PBXGroup;
			children = (
				5BA4CD4D19CA8522002EA44B /* SlotMachine */,
				5BA4CD6319CA8522002EA44B /* SlotMachineTests */,
				5BA4CD4C19CA8522002EA44B /* Products */,
			);
			sourceTree = "<group>";
		};
		5BA4CD4C19CA8522002EA44B /* Products */ = {
			isa = PBXGroup;
			children = (
				5BA4CD4B19CA8522002EA44B /* SlotMachine.app */,
				5BA4CD6019CA8522002EA44B /* SlotMachineTests.xctest */,
			);
			name = Products;
			sourceTree = "<group>";
		};
		5BA4CD4D19CA8522002EA44B /* SlotMachine */ = {
			isa = PBXGroup;
			children = (
				5BA4CD5019CA8522002EA44B /* AppDelegate.swift */,
				5BA4CD5219CA8522002EA44B /* ViewController.swift */,
				5BA4CD5419CA8522002EA44B /* Main.storyboard */,
				5BA4CD5719CA8522002EA44B /* Images.xcassets */,
				5BA4CD5919CA8522002EA44B /* LaunchScreen.xib */,
				5BA4CD4E19CA8522002EA44B /* Supporting Files */,
			);
			path = SlotMachine;
			sourceTree = "<group>";
		};
		5BA4CD4E19CA8522002EA44B /* Supporting Files */ = {
			isa = PBXGroup;
			children = (
				5BA4CD4F19CA8522002EA44B /* Info.plist */,
			);
			name = "Supporting Files";
			sourceTree = "<group>";
		};
		5BA4CD6319CA8522002EA44B /* SlotMachineTests */ = {
			isa = PBXGroup;
			children = (
				5BA4CD6619CA8522002EA44B /* SlotMachineTests.swift */,
				5BA4CD6419CA8522002EA44B /* Supporting Files */,
			);
			path = SlotMachineTests;
			sourceTree = "<group>";
		};
		5BA4CD6419CA8522002EA44B /* Supporting Files */ = {
			isa = PBXGroup;
			children = (
				5BA4CD6519CA8522002EA44B /* Info.plist */,
			);
			name = "Supporting Files";
			sourceTree = "<group>";
		};
/* End PBXGroup section */

/* Begin PBXNativeTarget section */
		5BA4CD4A19CA8522002EA44B /* SlotMachine */ = {
			isa = PBXNativeTarget;
			buildConfigurationList = 5BA4CD6A19CA8522002EA44B /* Build configuration list for PBXNativeTarget "SlotMachine" */;
			buildPhases = (
				5BA4CD4719CA8522002EA44B /* Sources */,
				5BA4CD4819CA8522002EA44B /* Frameworks */,
				5BA4CD4919CA8522002EA44B /* Resources */,
			);
			buildRules = (
			);
			dependencies = (
			);
			name = SlotMachine;
			productName = SlotMachine;
			productReference = 5BA4CD4B19CA8522002EA44B /* SlotMachine.app */;
			productType = "com.apple.product-type.application";
		};
		5BA4CD5F19CA8522002EA44B /* SlotMachineTests */ = {
			isa = PBXNativeTarget;
			buildConfigurationList = 5BA4CD6D19CA8522002EA44B /* Build configuration list for PBXNativeTarget "SlotMachineTests" */;
			buildPhases = (
				5BA4CD5C19CA8522002EA44B /* Sources */,
				5BA4CD5D19CA8522002EA44B /* Frameworks */,
				5BA4CD5E19CA8522002EA44B /* Resources */,
			);
			buildRules = (
			);
			dependencies = (
				5BA4CD6219CA8522002EA44B /* PBXTargetDependency */,
			);
			name = SlotMachineTests;
			productName = SlotMachineTests;
			productReference = 5BA4CD6019CA8522002EA44B /* SlotMachineTests.xctest */;
			productType = "com.apple.product-type.bundle.unit-test";
		};
/* End PBXNativeTarget section */

/* Begin PBXProject section */
		5BA4CD4319CA8522002EA44B /* Project object */ = {
			isa = PBXProject;
			attributes = {
				LastUpgradeCheck = 0600;
				ORGANIZATIONNAME = "Arash Sadeghieh Eshtehadi";
				TargetAttributes = {
					5BA4CD4A19CA8522002EA44B = {
						CreatedOnToolsVersion = 6.0;
					};
					5BA4CD5F19CA8522002EA44B = {
						CreatedOnToolsVersion = 6.0;
						TestTargetID = 5BA4CD4A19CA8522002EA44B;
					};
				};
			};
			buildConfigurationList = 5BA4CD4619CA8522002EA44B /* Build configuration list for PBXProject "SlotMachine" */;
			compatibilityVersion = "Xcode 3.2";
			developmentRegion = English;
			hasScannedForEncodings = 0;
			knownRegions = (
				en,
				Base,
			);
			mainGroup = 5BA4CD4219CA8522002EA44B;
			productRefGroup = 5BA4CD4C19CA8522002EA44B /* Products */;
			projectDirPath = "";
			projectRoot = "";
			targets = (
				5BA4CD4A19CA8522002EA44B /* SlotMachine */,
				5BA4CD5F19CA8522002EA44B /* SlotMachineTests */,
			);
		};
/* End PBXProject section */

/* Begin PBXResourcesBuildPhase section */
		5BA4CD4919CA8522002EA44B /* Resources */ = {
			isa = PBXResourcesBuildPhase;
			buildActionMask = 2147483647;
			files = (
				5BA4CD5619CA8522002EA44B /* Main.storyboard in Resources */,
				5BA4CD5B19CA8522002EA44B /* LaunchScreen.xib in Resources */,
				5BA4CD5819CA8522002EA44B /* Images.xcassets in Resources */,
			);
			runOnlyForDeploymentPostprocessing = 0;
		};
		5BA4CD5E19CA8522002EA44B /* Resources */ = {
			isa = PBXResourcesBuildPhase;
			buildActionMask = 2147483647;
			files = (
			);
			runOnlyForDeploymentPostprocessing = 0;
		};
/* End PBXResourcesBuildPhase section */

/* Begin PBXSourcesBuildPhase section */
		5BA4CD4719CA8522002EA44B /* Sources */ = {
			isa = PBXSourcesBuildPhase;
			buildActionMask = 2147483647;
			files = (
				5BA4CD5319CA8522002EA44B /* ViewController.swift in Sources */,
				5BA4CD5119CA8522002EA44B /* AppDelegate.swift in Sources */,
			);
			runOnlyForDeploymentPostprocessing = 0;
		};
		5BA4CD5C19CA8522002EA44B /* Sources */ = {
			isa = PBXSourcesBuildPhase;
			buildActionMask = 2147483647;
			files = (
				5BA4CD6719CA8522002EA44B /* SlotMachineTests.swift in Sources */,
			);
			runOnlyForDeploymentPostprocessing = 0;
		};
/* End PBXSourcesBuildPhase section */

/* Begin PBXTargetDependency section */
		5BA4CD6219CA8522002EA44B /* PBXTargetDependency */ = {
			isa = PBXTargetDependency;
			target = 5BA4CD4A19CA8522002EA44B /* SlotMachine */;
			targetProxy = 5BA4CD6119CA8522002EA44B /* PBXContainerItemProxy */;
		};
/* End PBXTargetDependency section */

/* Begin PBXVariantGroup section */
		5BA4CD5419CA8522002EA44B /* Main.storyboard */ = {
			isa = PBXVariantGroup;
			children = (
				5BA4CD5519CA8522002EA44B /* Base */,
			);
			name = Main.storyboard;
			sourceTree = "<group>";
		};
		5BA4CD5919CA8522002EA44B /* LaunchScreen.xib */ = {
			isa = PBXVariantGroup;
			children = (
				5BA4CD5A19CA8522002EA44B /* Base */,
			);
			name = LaunchScreen.xib;
			sourceTree = "<group>";
		};
/* End PBXVariantGroup section */

/* Begin XCBuildConfiguration section */
		5BA4CD6819CA8522002EA44B /* Debug */ = {
			isa = XCBuildConfiguration;
			buildSettings = {
				ALWAYS_SEARCH_USER_PATHS = NO;
				CLANG_CXX_LANGUAGE_STANDARD = "gnu++0x";
				CLANG_CXX_LIBRARY = "libc++";
				CLANG_ENABLE_MODULES = YES;
				CLANG_ENABLE_OBJC_ARC = YES;
				CLANG_WARN_BOOL_CONVERSION = YES;
				CLANG_WARN_CONSTANT_CONVERSION = YES;
				CLANG_WARN_DIRECT_OBJC_ISA_USAGE = YES_ERROR;
				CLANG_WARN_EMPTY_BODY = YES;
				CLANG_WARN_ENUM_CONVERSION = YES;
				CLANG_WARN_INT_CONVERSION = YES;
				CLANG_WARN_OBJC_ROOT_CLASS = YES_ERROR;
				CLANG_WARN_UNREACHABLE_CODE = YES;
				CLANG_WARN__DUPLICATE_METHOD_MATCH = YES;
				"CODE_SIGN_IDENTITY[sdk=iphoneos*]" = "iPhone Developer";
				COPY_PHASE_STRIP = NO;
				ENABLE_STRICT_OBJC_MSGSEND = YES;
				GCC_C_LANGUAGE_STANDARD = gnu99;
				GCC_DYNAMIC_NO_PIC = NO;
				GCC_OPTIMIZATION_LEVEL = 0;
				GCC_PREPROCESSOR_DEFINITIONS = (
					"DEBUG=1",
					"$(inherited)",
				);
				GCC_SYMBOLS_PRIVATE_EXTERN = NO;
				GCC_WARN_64_TO_32_BIT_CONVERSION = YES;
				GCC_WARN_ABOUT_RETURN_TYPE = YES_ERROR;
				GCC_WARN_UNDECLARED_SELECTOR = YES;
				GCC_WARN_UNINITIALIZED_AUTOS = YES_AGGRESSIVE;
				GCC_WARN_UNUSED_FUNCTION = YES;
				GCC_WARN_UNUSED_VARIABLE = YES;
				IPHONEOS_DEPLOYMENT_TARGET = 8.0;
				MTL_ENABLE_DEBUG_INFO = YES;
				ONLY_ACTIVE_ARCH = YES;
				SDKROOT = iphoneos;
				SWIFT_OPTIMIZATION_LEVEL = "-Onone";
				TARGETED_DEVICE_FAMILY = "1,2";
			};
			name = Debug;
		};
		5BA4CD6919CA8522002EA44B /* Release */ = {
			isa = XCBuildConfiguration;
			buildSettings = {
				ALWAYS_SEARCH_USER_PATHS = NO;
				CLANG_CXX_LANGUAGE_STANDARD = "gnu++0x";
				CLANG_CXX_LIBRARY = "libc++";
				CLANG_ENABLE_MODULES = YES;
				CLANG_ENABLE_OBJC_ARC = YES;
				CLANG_WARN_BOOL_CONVERSION = YES;
				CLANG_WARN_CONSTANT_CONVERSION = YES;
				CLANG_WARN_DIRECT_OBJC_ISA_USAGE = YES_ERROR;
				CLANG_WARN_EMPTY_BODY = YES;
				CLANG_WARN_ENUM_CONVERSION = YES;
				CLANG_WARN_INT_CONVERSION = YES;
				CLANG_WARN_OBJC_ROOT_CLASS = YES_ERROR;
				CLANG_WARN_UNREACHABLE_CODE = YES;
				CLANG_WARN__DUPLICATE_METHOD_MATCH = YES;
				"CODE_SIGN_IDENTITY[sdk=iphoneos*]" = "iPhone Developer";
				COPY_PHASE_STRIP = YES;
				ENABLE_NS_ASSERTIONS = NO;
				ENABLE_STRICT_OBJC_MSGSEND = YES;
				GCC_C_LANGUAGE_STANDARD = gnu99;
				GCC_WARN_64_TO_32_BIT_CONVERSION = YES;
				GCC_WARN_ABOUT_RETURN_TYPE = YES_ERROR;
				GCC_WARN_UNDECLARED_SELECTOR = YES;
				GCC_WARN_UNINITIALIZED_AUTOS = YES_AGGRESSIVE;
				GCC_WARN_UNUSED_FUNCTION = YES;
				GCC_WARN_UNUSED_VARIABLE = YES;
				IPHONEOS_DEPLOYMENT_TARGET = 8.0;
				MTL_ENABLE_DEBUG_INFO = NO;
				SDKROOT = iphoneos;
				TARGETED_DEVICE_FAMILY = "1,2";
				VALIDATE_PRODUCT = YES;
			};
			name = Release;
		};
		5BA4CD6B19CA8522002EA44B /* Debug */ = {
			isa = XCBuildConfiguration;
			buildSettings = {
				ASSETCATALOG_COMPILER_APPICON_NAME = AppIcon;
				INFOPLIST_FILE = SlotMachine/Info.plist;
				LD_RUNPATH_SEARCH_PATHS = "$(inherited) @executable_path/Frameworks";
				PRODUCT_NAME = "$(TARGET_NAME)";
			};
			name = Debug;
		};
		5BA4CD6C19CA8522002EA44B /* Release */ = {
			isa = XCBuildConfiguration;
			buildSettings = {
				ASSETCATALOG_COMPILER_APPICON_NAME = AppIcon;
				INFOPLIST_FILE = SlotMachine/Info.plist;
				LD_RUNPATH_SEARCH_PATHS = "$(inherited) @executable_path/Frameworks";
				PRODUCT_NAME = "$(TARGET_NAME)";
			};
			name = Release;
		};
		5BA4CD6E19CA8522002EA44B /* Debug */ = {
			isa = XCBuildConfiguration;
			buildSettings = {
				BUNDLE_LOADER = "$(TEST_HOST)";
				FRAMEWORK_SEARCH_PATHS = (
					"$(SDKROOT)/Developer/Library/Frameworks",
					"$(inherited)",
				);
				GCC_PREPROCESSOR_DEFINITIONS = (
					"DEBUG=1",
					"$(inherited)",
				);
				INFOPLIST_FILE = SlotMachineTests/Info.plist;
				LD_RUNPATH_SEARCH_PATHS = "$(inherited) @executable_path/Frameworks @loader_path/Frameworks";
				PRODUCT_NAME = "$(TARGET_NAME)";
				TEST_HOST = "$(BUILT_PRODUCTS_DIR)/SlotMachine.app/SlotMachine";
			};
			name = Debug;
		};
		5BA4CD6F19CA8522002EA44B /* Release */ = {
			isa = XCBuildConfiguration;
			buildSettings = {
				BUNDLE_LOADER = "$(TEST_HOST)";
				FRAMEWORK_SEARCH_PATHS = (
					"$(SDKROOT)/Developer/Library/Frameworks",
					"$(inherited)",
				);
				INFOPLIST_FILE = SlotMachineTests/Info.plist;
				LD_RUNPATH_SEARCH_PATHS = "$(inherited) @executable_path/Frameworks @loader_path/Frameworks";
				PRODUCT_NAME = "$(TARGET_NAME)";
				TEST_HOST = "$(BUILT_PRODUCTS_DIR)/SlotMachine.app/SlotMachine";
			};
			name = Release;
		};
/* End XCBuildConfiguration section */

/* Begin XCConfigurationList section */
		5BA4CD4619CA8522002EA44B /* Build configuration list for PBXProject "SlotMachine" */ = {
			isa = XCConfigurationList;
			buildConfigurations = (
				5BA4CD6819CA8522002EA44B /* Debug */,
				5BA4CD6919CA8522002EA44B /* Release */,
			);
			defaultConfigurationIsVisible = 0;
			defaultConfigurationName = Release;
		};
		5BA4CD6A19CA8522002EA44B /* Build configuration list for PBXNativeTarget "SlotMachine" */ = {
			isa = XCConfigurationList;
			buildConfigurations = (
				5BA4CD6B19CA8522002EA44B /* Debug */,
				5BA4CD6C19CA8522002EA44B /* Release */,
			);
			defaultConfigurationIsVisible = 0;
		};
		5BA4CD6D19CA8522002EA44B /* Build configuration list for PBXNativeTarget "SlotMachineTests" */ = {
			isa = XCConfigurationList;
			buildConfigurations = (
				5BA4CD6E19CA8522002EA44B /* Debug */,
				5BA4CD6F19CA8522002EA44B /* Release */,
			);
			defaultConfigurationIsVisible = 0;
		};
/* End XCConfigurationList section */
	};
	rootObject = 5BA4CD4319CA8522002EA44B /* Project object */;
}
